{
  "version": 4,
  "terraform_version": "1.15.3",
  "serial": 11,
  "lineage": "4677d20c-0cfd-5bea-7144-e29c06489e60",
  "outputs": {
    "cluster_name": {
      "value": "devportal-cluster",
      "type": "string"
    },
    "connect_command": {
      "value": "gcloud container clusters get-credentials devportal-cluster --region europe-west1 --project project-42f67e4b-1662-4454-8e5",
      "type": "string"
    }
  },
  "resources": [
    {
      "mode": "managed",
      "type": "google_project_service",
      "name": "container",
      "provider": "provider[\"registry.terraform.io/hashicorp/google\"]",
      "instances": [
        {
          "schema_version": 0,
          "attributes": {
            "disable_dependent_services": null,
            "disable_on_destroy": false,
            "id": "project-42f67e4b-1662-4454-8e5/container.googleapis.com",
            "project": "project-42f67e4b-1662-4454-8e5",
            "service": "container.googleapis.com",
            "timeouts": null
          },
          "sensitive_attributes": [],
          "identity_schema_version": 0,
          "private": "eyJlMmJmYjczMC1lY2FhLTExZTYtOGY4OC0zNDM2M2JjN2M0YzAiOnsiY3JlYXRlIjoxMjAwMDAwMDAwMDAwLCJkZWxldGUiOjEyMDAwMDAwMDAwMDAsInJlYWQiOjYwMDAwMDAwMDAwMCwidXBkYXRlIjoxMjAwMDAwMDAwMDAwfX0="
        }
      ]
    }
  ],
  "check_results": null
}
