{
  "version": 4,
  "terraform_version": "1.15.3",
  "serial": 22,
  "lineage": "4677d20c-0cfd-5bea-7144-e29c06489e60",
  "outputs": {
    "cluster_name": {
      "value": "devportal-cluster",
      "type": "string"
    },
    "connect_command": {
      "value": "gcloud container clusters get-credentials devportal-cluster --region europe-west1 --project project-42f67e4b-1662-4454-8e5",
      "type": "string"
    }
  },
  "resources": [
    {
      "mode": "managed",
      "type": "google_container_cluster",
      "name": "devportal",
      "provider": "provider[\"registry.terraform.io/hashicorp/google\"]",
      "instances": [
        {
          "schema_version": 2,
          "attributes": {
            "addons_config": [
              {
                "cloudrun_config": [],
                "config_connector_config": [],
                "dns_cache_config": [
                  {
                    "enabled": true
                  }
                ],
                "gce_persistent_disk_csi_driver_config": [
                  {
                    "enabled": true
                  }
                ],
                "gcp_filestore_csi_driver_config": [],
                "gcs_fuse_csi_driver_config": [],
                "gke_backup_agent_config": [],
                "horizontal_pod_autoscaling": [],
                "http_load_balancing": [],
                "network_policy_config": [
                  {
                    "disabled": true
                  }
                ],
                "ray_operator_config": [],
                "stateful_ha_config": []
              }
            ],
            "allow_net_admin": null,
            "authenticator_groups_config": [],
            "binary_authorization": [
              {
                "enabled": false,
                "evaluation_mode": ""
              }
            ],
            "cluster_autoscaling": [
              {
                "auto_provisioning_defaults": [],
                "auto_provisioning_locations": [],
                "autoscaling_profile": "BALANCED",
                "enabled": false,
                "resource_limits": []
              }
            ],
            "cluster_ipv4_cidr": "10.60.0.0/14",
            "confidential_nodes": [],
            "cost_management_config": [],
            "database_encryption": [
              {
                "key_name": "",
                "state": "DECRYPTED"
              }
            ],
            "datapath_provider": "",
            "default_max_pods_per_node": 110,
            "default_snat_status": [
              {
                "disabled": false
              }
            ],
            "deletion_protection": false,
            "description": "",
            "dns_config": [],
            "enable_autopilot": false,
            "enable_cilium_clusterwide_network_policy": false,
            "enable_intranode_visibility": false,
            "enable_k8s_beta_apis": [],
            "enable_kubernetes_alpha": false,
            "enable_l4_ilb_subsetting": false,
            "enable_legacy_abac": false,
            "enable_multi_networking": false,
            "enable_shielded_nodes": true,
            "enable_tpu": false,
            "endpoint": "34.156.184.65",
            "fleet": [],
            "gateway_api_config": [],
            "id": "projects/project-42f67e4b-1662-4454-8e5/locations/europe-west1/clusters/devportal-cluster",
            "identity_service_config": [],
            "initial_node_count": 1,
            "ip_allocation_policy": [
              {
                "additional_pod_ranges_config": [],
                "cluster_ipv4_cidr_block": "10.60.0.0/14",
                "cluster_secondary_range_name": "gke-devportal-cluster-pods-be15f294",
                "pod_cidr_overprovision_config": [
                  {
                    "disabled": false
                  }
                ],
                "services_ipv4_cidr_block": "34.118.224.0/20",
                "services_secondary_range_name": "",
                "stack_type": "IPV4"
              }
            ],
            "label_fingerprint": "a9dc16a7",
            "location": "europe-west1",
            "logging_config": [
              {
                "enable_components": [
                  "SYSTEM_COMPONENTS",
                  "WORKLOADS"
                ]
              }
            ],
            "logging_service": "logging.googleapis.com/kubernetes",
            "maintenance_policy": [],
            "master_auth": [
              {
                "client_certificate": "",
                "client_certificate_config": [
                  {
                    "issue_client_certificate": false
                  }
                ],
                "client_key": "",
                "cluster_ca_certificate": "LS0tLS1CRUdJTiBDRVJUSUZJQ0FURS0tLS0tCk1JSUVMVENDQXBXZ0F3SUJBZ0lSQUtCbjlCdjFQVnVzWVEvQUhWMEp2bTR3RFFZSktvWklodmNOQVFFTEJRQXcKTHpFdE1Dc0dBMVVFQXhNa09UTXhZVGswWmpZdFltWmhaQzAwWlRKbUxXRXlNR010TkdZME5UTXpNMlEzTURRMwpNQ0FYRFRJMk1EVXlNekUwTURZd01sb1lEekl3TlRZd05URTFNVFV3TmpBeVdqQXZNUzB3S3dZRFZRUURFeVE1Ck16RmhPVFJtTmkxaVptRmtMVFJsTW1ZdFlUSXdZeTAwWmpRMU16TXpaRGN3TkRjd2dnR2lNQTBHQ1NxR1NJYjMKRFFFQkFRVUFBNElCandBd2dnR0tBb0lCZ1FDWnExdkFhamFVd2RkYVcySzFmQ0F3aTQ0KytSQ2ZxV3R3T1RqUgoyVnRTUGhWR2NzSm8zei8xZGc2NjNzbG9wTFdsakZKWDZwRVgraGVoTmM2MmhNUG1ySFduQ1pvTFVoOWVJc0w0Cml0RUpabTNnczVIMFphem5QZ0ZpNGpCejY3Zk1XSUsvblkvTnZkTGg2dVRQRE5ybTdNWU5IYksyaGhZVWlsUVcKeGtBOVVtWDhlK294eHgwZDNoa2l4bzRZUEZHbzdBSXdBQkJWRjV2d0F5cmpmWTZDamNGbUVXUGVUVit6azRoSQplUDdxRitlV29VNldYTWhaK3lST1lQemVLTko4REhBYXl4K25BcWlhNVZHdXdGclowMHVhQUdndTBJb3NBRE1oCnM3QlV4MTllbHA0M0VsRm5BZHBtdXliT0VrRnJmamV5WFJwOUtNUzlza29ZVWc2bUkxOVlGS0dIeFNiVm0wWmkKVmFNMzRSeTkzQTE3WWRWQWsxVERLdnE4bnhPMGN0TlhaSThUZ21TNjN4S2ppc2VMSWsvWWVVV2liaDAvT3d0VAp4NEloOFRYMWptcnRGYUVFeGtoMERnaThwYWhWVFB2NW45V3lyT3hhelpkdTlYQ3lrNWpUbE5Pc3BEL2YrYk9VCi90b1JFYUNvSEY3SXdLZzJFaUd1ei8rSS9nRUNBd0VBQWFOQ01FQXdEZ1lEVlIwUEFRSC9CQVFEQWdJRU1BOEcKQTFVZEV3RUIvd1FGTUFNQkFmOHdIUVlEVlIwT0JCWUVGSVN3T2NaSVA3UEp6V2cvRjQzVDFZQTloRCt6TUEwRwpDU3FHU0liM0RRRUJDd1VBQTRJQmdRQWFyZjFvY3hkeXEzRmJpUWsyMnZ4OS9iQnNpWll3UTQyT1RGVFZOOFQxCk1pRlhTWDZqREtHTTVNODlVZWxHSmhiR1lPMlZsT0Jrc1NyaitSOGNwdEdyb3QwTHVXMGQ0RWo5Tnh3bUNCck8Kc3U1NG5IMmZnRUN0bDRKVFduK3dWT3pFQVF6Z2NUVVNkYnZPNFRkUWtabUJ2c0ttV1hIWmN5MGxXN016dXlvRApyK0t4elNpZjB1WS9HZ2xUVGExVWZUNkpGTHJsVy9aSHNMRVZOOXR4SkZjZkVhMHBycnlIanh0L1F6eE9VZ0JaClFURzArb001T25RRzQrck42dUVva3lMV2hvUVBtYjBGZU9xQUd0bzhaMXpXQVB4WUg0UFpjRHYwRWttM0RTWmoKVG1TWURlNzh4d3ZjT2lVQmk5U1BrbTJBUmJLbjEwYS93UlBHU2FrUERwKzFHa0pYalpHNmI2blg1TGt6ZGloeApqTVBOamxkM2xQejloRE9mUjZrSktSdWFBb0kyc0h3bmZ6Mk9ZL2tDRVJhQU04UjM2NTBYWGhCVXFLeDdOZGJxCjF0M1BJMkdDVkEwVUpQWUN5cEh0Qy93eVhXekdmUVEvR0lORTk4TEJ5dXBYRGo2R3VROXFoYnZ0eEJOdjkrWkQKMDdnVEVxTWVaUXZtU2dMOVdnbGpqMWM9Ci0tLS0tRU5EIENFUlRJRklDQVRFLS0tLS0K"
              }
            ],
            "master_authorized_networks_config": [],
            "master_version": "1.35.3-gke.1389000",
            "mesh_certificates": [],
            "min_master_version": null,
            "monitoring_config": [
              {
                "advanced_datapath_observability_config": [
                  {
                    "enable_metrics": false,
                    "enable_relay": false,
                    "relay_mode": "DISABLED"
                  }
                ],
                "enable_components": [
                  "SYSTEM_COMPONENTS",
                  "STORAGE",
                  "HPA",
                  "POD",
                  "DAEMONSET",
                  "DEPLOYMENT",
                  "STATEFULSET",
                  "CADVISOR",
                  "KUBELET",
                  "DCGM",
                  "JOBSET"
                ],
                "managed_prometheus": [
                  {
                    "enabled": true
                  }
                ]
              }
            ],
            "monitoring_service": "monitoring.googleapis.com/kubernetes",
            "name": "devportal-cluster",
            "network": "projects/project-42f67e4b-1662-4454-8e5/global/networks/default",
            "network_policy": [
              {
                "enabled": false,
                "provider": "PROVIDER_UNSPECIFIED"
              }
            ],
            "networking_mode": "VPC_NATIVE",
            "node_config": [],
            "node_locations": [
              "europe-west1-b",
              "europe-west1-c",
              "europe-west1-d"
            ],
            "node_pool": [],
            "node_pool_auto_config": [
              {
                "network_tags": [],
                "node_kubelet_config": [
                  {
                    "insecure_kubelet_readonly_port_enabled": "FALSE"
                  }
                ],
                "resource_manager_tags": {}
              }
            ],
            "node_pool_defaults": [
              {
                "node_config_defaults": [
                  {
                    "containerd_config": [],
                    "insecure_kubelet_readonly_port_enabled": "FALSE",
                    "logging_variant": "DEFAULT"
                  }
                ]
              }
            ],
            "node_version": "1.35.3-gke.1389000",
            "notification_config": [
              {
                "pubsub": [
                  {
                    "enabled": false,
                    "filter": [],
                    "topic": ""
                  }
                ]
              }
            ],
            "operation": null,
            "private_cluster_config": [
              {
                "enable_private_endpoint": false,
                "enable_private_nodes": false,
                "master_global_access_config": [
                  {
                    "enabled": false
                  }
                ],
                "master_ipv4_cidr_block": "",
                "peering_name": "",
                "private_endpoint": "10.132.0.25",
                "private_endpoint_subnetwork": "",
                "public_endpoint": "34.156.184.65"
              }
            ],
            "private_ipv6_google_access": "",
            "project": "project-42f67e4b-1662-4454-8e5",
            "release_channel": [
              {
                "channel": "REGULAR"
              }
            ],
            "remove_default_node_pool": true,
            "resource_labels": null,
            "resource_usage_export_config": [],
            "security_posture_config": [
              {
                "mode": "BASIC",
                "vulnerability_mode": "VULNERABILITY_MODE_UNSPECIFIED"
              }
            ],
            "self_link": "https://container.googleapis.com/v1/projects/project-42f67e4b-1662-4454-8e5/locations/europe-west1/clusters/devportal-cluster",
            "service_external_ips_config": [
              {
                "enabled": false
              }
            ],
            "services_ipv4_cidr": "34.118.224.0/20",
            "subnetwork": "projects/project-42f67e4b-1662-4454-8e5/regions/europe-west1/subnetworks/default",
            "timeouts": null,
            "tpu_ipv4_cidr_block": "",
            "vertical_pod_autoscaling": [],
            "workload_identity_config": []
          },
          "sensitive_attributes": [
            [
              {
                "type": "get_attr",
                "value": "master_auth"
              },
              {
                "type": "index",
                "value": {
                  "value": 0,
                  "type": "number"
                }
              },
              {
                "type": "get_attr",
                "value": "client_key"
              }
            ]
          ],
          "identity_schema_version": 0,
          "private": "eyJlMmJmYjczMC1lY2FhLTExZTYtOGY4OC0zNDM2M2JjN2M0YzAiOnsiY3JlYXRlIjoyNDAwMDAwMDAwMDAwLCJkZWxldGUiOjI0MDAwMDAwMDAwMDAsInJlYWQiOjI0MDAwMDAwMDAwMDAsInVwZGF0ZSI6MzYwMDAwMDAwMDAwMH0sInNjaGVtYV92ZXJzaW9uIjoiMiJ9",
          "dependencies": [
            "google_project_service.container"
          ]
        }
      ]
    },
    {
      "mode": "managed",
      "type": "google_container_node_pool",
      "name": "devportal_nodes",
      "provider": "provider[\"registry.terraform.io/hashicorp/google\"]",
      "instances": [
        {
          "schema_version": 1,
          "attributes": {
            "autoscaling": [],
            "cluster": "devportal-cluster",
            "id": "projects/project-42f67e4b-1662-4454-8e5/locations/europe-west1/clusters/devportal-cluster/nodePools/devportal-node-pool",
            "initial_node_count": 1,
            "instance_group_urls": [
              "https://www.googleapis.com/compute/v1/projects/project-42f67e4b-1662-4454-8e5/zones/europe-west1-c/instanceGroupManagers/gke-devportal-cluste-devportal-node-p-7b42ee6f-grp",
              "https://www.googleapis.com/compute/v1/projects/project-42f67e4b-1662-4454-8e5/zones/europe-west1-b/instanceGroupManagers/gke-devportal-cluste-devportal-node-p-4c12d795-grp",
              "https://www.googleapis.com/compute/v1/projects/project-42f67e4b-1662-4454-8e5/zones/europe-west1-d/instanceGroupManagers/gke-devportal-cluste-devportal-node-p-0bbe8cc7-grp"
            ],
            "location": "europe-west1",
            "managed_instance_group_urls": [
              "https://www.googleapis.com/compute/v1/projects/project-42f67e4b-1662-4454-8e5/zones/europe-west1-c/instanceGroups/gke-devportal-cluste-devportal-node-p-7b42ee6f-grp",
              "https://www.googleapis.com/compute/v1/projects/project-42f67e4b-1662-4454-8e5/zones/europe-west1-b/instanceGroups/gke-devportal-cluste-devportal-node-p-4c12d795-grp",
              "https://www.googleapis.com/compute/v1/projects/project-42f67e4b-1662-4454-8e5/zones/europe-west1-d/instanceGroups/gke-devportal-cluste-devportal-node-p-0bbe8cc7-grp"
            ],
            "management": [
              {
                "auto_repair": true,
                "auto_upgrade": true
              }
            ],
            "max_pods_per_node": 110,
            "name": "devportal-node-pool",
            "name_prefix": "",
            "network_config": [
              {
                "additional_node_network_configs": [],
                "additional_pod_network_configs": [],
                "create_pod_range": false,
                "enable_private_nodes": false,
                "network_performance_config": [],
                "pod_cidr_overprovision_config": [],
                "pod_ipv4_cidr_block": "10.60.0.0/14",
                "pod_range": "gke-devportal-cluster-pods-be15f294"
              }
            ],
            "node_config": [
              {
                "advanced_machine_features": [],
                "boot_disk_kms_key": "",
                "confidential_nodes": [],
                "containerd_config": [],
                "disk_size_gb": 50,
                "disk_type": "pd-standard",
                "effective_taints": [],
                "enable_confidential_storage": false,
                "ephemeral_storage_local_ssd_config": [],
                "fast_socket": [],
                "gcfs_config": [],
                "guest_accelerator": [],
                "gvnic": [],
                "host_maintenance_policy": [],
                "image_type": "COS_CONTAINERD",
                "kubelet_config": [
                  {
                    "cpu_cfs_quota": false,
                    "cpu_cfs_quota_period": "",
                    "cpu_manager_policy": "",
                    "insecure_kubelet_readonly_port_enabled": "FALSE",
                    "pod_pids_limit": 0
                  }
                ],
                "labels": {
                  "environment": "demo",
                  "project": "devportal"
                },
                "linux_node_config": [],
                "local_nvme_ssd_block_config": [],
                "local_ssd_count": 0,
                "logging_variant": "DEFAULT",
                "machine_type": "e2-medium",
                "metadata": {
                  "disable-legacy-endpoints": "true"
                },
                "min_cpu_platform": "",
                "node_group": "",
                "oauth_scopes": [
                  "https://www.googleapis.com/auth/cloud-platform"
                ],
                "preemptible": false,
                "reservation_affinity": [],
                "resource_labels": {
                  "goog-gke-node-pool-provisioning-model": "on-demand"
                },
                "resource_manager_tags": null,
                "secondary_boot_disks": [],
                "service_account": "default",
                "shielded_instance_config": [
                  {
                    "enable_integrity_monitoring": true,
                    "enable_secure_boot": false
                  }
                ],
                "sole_tenant_config": [],
                "spot": false,
                "tags": null,
                "taint": [],
                "workload_metadata_config": []
              }
            ],
            "node_count": 1,
            "node_locations": [
              "europe-west1-b",
              "europe-west1-c",
              "europe-west1-d"
            ],
            "operation": null,
            "placement_policy": [],
            "project": "project-42f67e4b-1662-4454-8e5",
            "queued_provisioning": [],
            "timeouts": null,
            "upgrade_settings": [
              {
                "blue_green_settings": [],
                "max_surge": 1,
                "max_unavailable": 0,
                "strategy": "SURGE"
              }
            ],
            "version": "1.35.3-gke.1389000"
          },
          "sensitive_attributes": [],
          "identity_schema_version": 0,
          "private": "eyJlMmJmYjczMC1lY2FhLTExZTYtOGY4OC0zNDM2M2JjN2M0YzAiOnsiY3JlYXRlIjoxODAwMDAwMDAwMDAwLCJkZWxldGUiOjE4MDAwMDAwMDAwMDAsInVwZGF0ZSI6MTgwMDAwMDAwMDAwMH0sInNjaGVtYV92ZXJzaW9uIjoiMSJ9",
          "dependencies": [
            "google_container_cluster.devportal",
            "google_project_service.container"
          ]
        }
      ]
    },
    {
      "mode": "managed",
      "type": "google_project_service",
      "name": "container",
      "provider": "provider[\"registry.terraform.io/hashicorp/google\"]",
      "instances": [
        {
          "schema_version": 0,
          "attributes": {
            "disable_dependent_services": null,
            "disable_on_destroy": false,
            "id": "project-42f67e4b-1662-4454-8e5/container.googleapis.com",
            "project": "project-42f67e4b-1662-4454-8e5",
            "service": "container.googleapis.com",
            "timeouts": null
          },
          "sensitive_attributes": [],
          "identity_schema_version": 0,
          "private": "eyJlMmJmYjczMC1lY2FhLTExZTYtOGY4OC0zNDM2M2JjN2M0YzAiOnsiY3JlYXRlIjoxMjAwMDAwMDAwMDAwLCJkZWxldGUiOjEyMDAwMDAwMDAwMDAsInJlYWQiOjYwMDAwMDAwMDAwMCwidXBkYXRlIjoxMjAwMDAwMDAwMDAwfX0="
        }
      ]
    }
  ],
  "check_results": null
}
