{
  "version": 4,
  "terraform_version": "1.15.3",
  "serial": 7,
  "lineage": "4677d20c-0cfd-5bea-7144-e29c06489e60",
  "outputs": {
    "cluster_name": {
      "value": "devportal-cluster",
      "type": "string"
    },
    "connect_command": {
      "value": "gcloud container clusters get-credentials devportal-cluster --region europe-north1 --project project-42f67e4b-1662-4454-8e5",
      "type": "string"
    }
  },
  "resources": [
    {
      "mode": "managed",
      "type": "google_container_cluster",
      "name": "devportal",
      "provider": "provider[\"registry.terraform.io/hashicorp/google\"]",
      "instances": [
        {
          "status": "tainted",
          "schema_version": 2,
          "attributes": {
            "addons_config": [
              {
                "cloudrun_config": [],
                "config_connector_config": [],
                "dns_cache_config": [
                  {
                    "enabled": true
                  }
                ],
                "gce_persistent_disk_csi_driver_config": [
                  {
                    "enabled": true
                  }
                ],
                "gcp_filestore_csi_driver_config": [],
                "gcs_fuse_csi_driver_config": [],
                "gke_backup_agent_config": [],
                "horizontal_pod_autoscaling": [],
                "http_load_balancing": [],
                "network_policy_config": [
                  {
                    "disabled": true
                  }
                ],
                "ray_operator_config": [],
                "stateful_ha_config": []
              }
            ],
            "allow_net_admin": null,
            "authenticator_groups_config": [],
            "binary_authorization": [
              {
                "enabled": false,
                "evaluation_mode": ""
              }
            ],
            "cluster_autoscaling": [
              {
                "auto_provisioning_defaults": [],
                "auto_provisioning_locations": [],
                "autoscaling_profile": "BALANCED",
                "enabled": false,
                "resource_limits": []
              }
            ],
            "cluster_ipv4_cidr": "10.112.0.0/14",
            "confidential_nodes": [],
            "cost_management_config": [],
            "database_encryption": [
              {
                "key_name": "",
                "state": "DECRYPTED"
              }
            ],
            "datapath_provider": "",
            "default_max_pods_per_node": 110,
            "default_snat_status": [
              {
                "disabled": false
              }
            ],
            "deletion_protection": true,
            "description": "",
            "dns_config": [],
            "enable_autopilot": false,
            "enable_cilium_clusterwide_network_policy": false,
            "enable_intranode_visibility": false,
            "enable_k8s_beta_apis": [],
            "enable_kubernetes_alpha": false,
            "enable_l4_ilb_subsetting": false,
            "enable_legacy_abac": false,
            "enable_multi_networking": false,
            "enable_shielded_nodes": true,
            "enable_tpu": false,
            "endpoint": "34.88.152.70",
            "fleet": [],
            "gateway_api_config": [],
            "id": "projects/project-42f67e4b-1662-4454-8e5/locations/europe-north1/clusters/devportal-cluster",
            "identity_service_config": [],
            "initial_node_count": 1,
            "ip_allocation_policy": [
              {
                "additional_pod_ranges_config": [],
                "cluster_ipv4_cidr_block": "10.112.0.0/14",
                "cluster_secondary_range_name": "gke-devportal-cluster-pods-70bc9079",
                "pod_cidr_overprovision_config": [
                  {
                    "disabled": false
                  }
                ],
                "services_ipv4_cidr_block": "34.118.224.0/20",
                "services_secondary_range_name": "",
                "stack_type": "IPV4"
              }
            ],
            "label_fingerprint": "a9dc16a7",
            "location": "europe-north1",
            "logging_config": [
              {
                "enable_components": [
                  "SYSTEM_COMPONENTS",
                  "WORKLOADS"
                ]
              }
            ],
            "logging_service": "logging.googleapis.com/kubernetes",
            "maintenance_policy": [],
            "master_auth": [
              {
                "client_certificate": "",
                "client_certificate_config": [
                  {
                    "issue_client_certificate": false
                  }
                ],
                "client_key": "",
                "cluster_ca_certificate": "LS0tLS1CRUdJTiBDRVJUSUZJQ0FURS0tLS0tCk1JSUVMVENDQXBXZ0F3SUJBZ0lSQUtmQ0E1TmdRM3Y3VXppTkovc0ROVXd3RFFZSktvWklodmNOQVFFTEJRQXcKTHpFdE1Dc0dBMVVFQXhNa05tRTBZV0V4T1RrdE1tWmtPQzAwTkdNNUxXSm1aV1l0T1RRNU0yUTNPR05sTVRFNQpNQ0FYRFRJMk1EVXlNekV6TURNMU1sb1lEekl3TlRZd05URTFNVFF3TXpVeVdqQXZNUzB3S3dZRFZRUURFeVEyCllUUmhZVEU1T1MweVptUTRMVFEwWXprdFltWmxaaTA1TkRrelpEYzRZMlV4TVRrd2dnR2lNQTBHQ1NxR1NJYjMKRFFFQkFRVUFBNElCandBd2dnR0tBb0lCZ1FERmNLT1gvS09zVklreXc2a1k1UTB0RlU4M0NPNUFGQkpVN1BNNgpXWTVpeEV1RUp4dUFPR3loUnBwNlBZZkhzK3NmeWo2dkpPSGdWcjVQNGpTWHpZZUZYNlFXcSs4cXFhZC9OVmE5CmxPaFh1UnF2YTAvWEc3YTg2V2h2M0tyYUZNRnNHZSthMDZ5WUpRRjR6R2IzTjAxTEZRVllmNjNvV3lnZGNqWkYKK2l1eVZQQitPU25aZzJoZndsNS9lVEdsS0kvblVHeDRoNmtQQVBxUldTMnhyL0RRM2JQY005QTdSSTJKZU8wZgpzUkQ2MVgrNStMUEdnbWJoTWs5Nm9vNzhLN09KV2g3RGNOZnRBT3lLMEVYMVo1UFdLUnFTbXRKNHZWaHlSOENLCjRIVTYyc2lyaFZrSy9wMEV1ek1CWW5FZFFaeHFndlp4Q0cyWk41OUJpbzRFNktnR3plSDM0QUtsaCtBdUZwb0EKeUxpRFdxMThTWStZTWUwMHlycG1JOG9kQTFxRWhJWngySlM5TUk3UENYV0pyVTNYVW5YemtEZ0RZa2JleWtQeQpxMllwd0J1empqWHRKMjRtQUx2dWJnaSsrakRYK0NJYkZWQkw1aHBDRU5zSlBBQ1FBcllveS9PUk5QUUJRV2l4CksrcE5BNml2OXBOOVpiZDZLQW5KcUVKMVA3MENBd0VBQWFOQ01FQXdEZ1lEVlIwUEFRSC9CQVFEQWdJRU1BOEcKQTFVZEV3RUIvd1FGTUFNQkFmOHdIUVlEVlIwT0JCWUVGR3JJVDBhNmo5ODFrZVNuWW9EMTJiK0JzZ2MrTUEwRwpDU3FHU0liM0RRRUJDd1VBQTRJQmdRQkRESUM2THJHQUdCejBLc1Z0NW9ucnRrcEFucUpYZnlFTXNGN1dVR2crCmNzTUJhc1JFRkdIUi81R1JjdXE2WTZ4bUNWdldxQ3UyRG94RWhzblVud3hkNkFSL2IrZmFHZnRvMmVnWURyMVMKaDlKQTFOOFZOS2NGeHkxcW5Nb3Q0WEVObTRQTktmNmt5LzRNUzd1UERUN2lMTEFLRVIvdmttRmExaTd4aEl2cApKWCs2OXJHbVNmTzNLR0xUNUVaWGZ3ZXhtSXVtRnNtZ1F3R0dHK0E4OFp2eCtsNjdQRUN2cks5YTU0TE53anp2CmwrYUtmVDRkM2JVR0hxbGNDdy8wTVBTelZtby9lN2JhQXFMa0gxY0o2YXVzYVpDajlMc0REOUtOa01mcDVDYWsKc2N6d1FzS2RMejQrRmVlN1QwWEFHYlFXdjQ5RlVNVmd4L2thaDJpNmxEQUxKRHpubXMvdVRSRkh0YjhtSm41MApNV1pYNzVSYXZ2NWxPVjVDemFYOWxodkRLNlRTSWNBWDRXclJ0bVVReVVyUzFHMkQwZ0dob0dNMXduaXJpTm5iCmVJa25SR0NwOUd6ZmR3dTdWbWlrcG1ma05nUmkyb0pOeTlRTmZVcmJaNVY5Szc0K2NxVnRlMFhIK2ZDcTl1dEkKc1BTZnpURVlLcm1RdUkwYzB6elRHMFE9Ci0tLS0tRU5EIENFUlRJRklDQVRFLS0tLS0K"
              }
            ],
            "master_authorized_networks_config": [],
            "master_version": "1.35.3-gke.1389000",
            "mesh_certificates": [],
            "min_master_version": null,
            "monitoring_config": [
              {
                "advanced_datapath_observability_config": [
                  {
                    "enable_metrics": false,
                    "enable_relay": false,
                    "relay_mode": "DISABLED"
                  }
                ],
                "enable_components": [
                  "SYSTEM_COMPONENTS",
                  "STORAGE",
                  "HPA",
                  "POD",
                  "DAEMONSET",
                  "DEPLOYMENT",
                  "STATEFULSET",
                  "CADVISOR",
                  "KUBELET",
                  "DCGM",
                  "JOBSET"
                ],
                "managed_prometheus": [
                  {
                    "enabled": true
                  }
                ]
              }
            ],
            "monitoring_service": "monitoring.googleapis.com/kubernetes",
            "name": "devportal-cluster",
            "network": "projects/project-42f67e4b-1662-4454-8e5/global/networks/default",
            "network_policy": [
              {
                "enabled": false,
                "provider": "PROVIDER_UNSPECIFIED"
              }
            ],
            "networking_mode": "VPC_NATIVE",
            "node_config": [
              {
                "advanced_machine_features": [],
                "boot_disk_kms_key": "",
                "confidential_nodes": [],
                "containerd_config": [],
                "disk_size_gb": 100,
                "disk_type": "pd-balanced",
                "effective_taints": [],
                "enable_confidential_storage": false,
                "ephemeral_storage_local_ssd_config": [],
                "fast_socket": [],
                "gcfs_config": [],
                "guest_accelerator": [],
                "gvnic": [],
                "host_maintenance_policy": [],
                "image_type": "COS_CONTAINERD",
                "kubelet_config": [
                  {
                    "cpu_cfs_quota": false,
                    "cpu_cfs_quota_period": "",
                    "cpu_manager_policy": "",
                    "insecure_kubelet_readonly_port_enabled": "FALSE",
                    "pod_pids_limit": 0
                  }
                ],
                "labels": {},
                "linux_node_config": [],
                "local_nvme_ssd_block_config": [],
                "local_ssd_count": 0,
                "logging_variant": "DEFAULT",
                "machine_type": "e2-medium",
                "metadata": {
                  "disable-legacy-endpoints": "true"
                },
                "min_cpu_platform": "",
                "node_group": "",
                "oauth_scopes": [
                  "https://www.googleapis.com/auth/devstorage.read_only",
                  "https://www.googleapis.com/auth/logging.write",
                  "https://www.googleapis.com/auth/monitoring",
                  "https://www.googleapis.com/auth/service.management.readonly",
                  "https://www.googleapis.com/auth/servicecontrol",
                  "https://www.googleapis.com/auth/trace.append"
                ],
                "preemptible": false,
                "reservation_affinity": [],
                "resource_labels": {
                  "goog-gke-node-pool-provisioning-model": "on-demand"
                },
                "resource_manager_tags": {},
                "secondary_boot_disks": [],
                "service_account": "default",
                "shielded_instance_config": [
                  {
                    "enable_integrity_monitoring": true,
                    "enable_secure_boot": false
                  }
                ],
                "sole_tenant_config": [],
                "spot": false,
                "tags": [],
                "taint": [],
                "workload_metadata_config": []
              }
            ],
            "node_locations": [
              "europe-north1-a",
              "europe-north1-b",
              "europe-north1-c"
            ],
            "node_pool": [
              {
                "autoscaling": [],
                "initial_node_count": 1,
                "instance_group_urls": [
                  "https://www.googleapis.com/compute/v1/projects/project-42f67e4b-1662-4454-8e5/zones/europe-north1-b/instanceGroupManagers/gke-devportal-cluster-default-pool-1c63e3a6-grp",
                  "https://www.googleapis.com/compute/v1/projects/project-42f67e4b-1662-4454-8e5/zones/europe-north1-c/instanceGroupManagers/gke-devportal-cluster-default-pool-c18d5d10-grp",
                  "https://www.googleapis.com/compute/v1/projects/project-42f67e4b-1662-4454-8e5/zones/europe-north1-a/instanceGroupManagers/gke-devportal-cluster-default-pool-d3aed1f2-grp"
                ],
                "managed_instance_group_urls": [
                  "https://www.googleapis.com/compute/v1/projects/project-42f67e4b-1662-4454-8e5/zones/europe-north1-b/instanceGroups/gke-devportal-cluster-default-pool-1c63e3a6-grp",
                  "https://www.googleapis.com/compute/v1/projects/project-42f67e4b-1662-4454-8e5/zones/europe-north1-c/instanceGroups/gke-devportal-cluster-default-pool-c18d5d10-grp",
                  "https://www.googleapis.com/compute/v1/projects/project-42f67e4b-1662-4454-8e5/zones/europe-north1-a/instanceGroups/gke-devportal-cluster-default-pool-d3aed1f2-grp"
                ],
                "management": [
                  {
                    "auto_repair": true,
                    "auto_upgrade": true
                  }
                ],
                "max_pods_per_node": 110,
                "name": "default-pool",
                "name_prefix": "",
                "network_config": [
                  {
                    "additional_node_network_configs": [],
                    "additional_pod_network_configs": [],
                    "create_pod_range": false,
                    "enable_private_nodes": false,
                    "network_performance_config": [],
                    "pod_cidr_overprovision_config": [],
                    "pod_ipv4_cidr_block": "10.112.0.0/14",
                    "pod_range": "gke-devportal-cluster-pods-70bc9079"
                  }
                ],
                "node_config": [
                  {
                    "advanced_machine_features": [],
                    "boot_disk_kms_key": "",
                    "confidential_nodes": [],
                    "containerd_config": [],
                    "disk_size_gb": 100,
                    "disk_type": "pd-balanced",
                    "effective_taints": [],
                    "enable_confidential_storage": false,
                    "ephemeral_storage_local_ssd_config": [],
                    "fast_socket": [],
                    "gcfs_config": [],
                    "guest_accelerator": [],
                    "gvnic": [],
                    "host_maintenance_policy": [],
                    "image_type": "COS_CONTAINERD",
                    "kubelet_config": [
                      {
                        "cpu_cfs_quota": false,
                        "cpu_cfs_quota_period": "",
                        "cpu_manager_policy": "",
                        "insecure_kubelet_readonly_port_enabled": "FALSE",
                        "pod_pids_limit": 0
                      }
                    ],
                    "labels": {},
                    "linux_node_config": [],
                    "local_nvme_ssd_block_config": [],
                    "local_ssd_count": 0,
                    "logging_variant": "DEFAULT",
                    "machine_type": "e2-medium",
                    "metadata": {
                      "disable-legacy-endpoints": "true"
                    },
                    "min_cpu_platform": "",
                    "node_group": "",
                    "oauth_scopes": [
                      "https://www.googleapis.com/auth/devstorage.read_only",
                      "https://www.googleapis.com/auth/logging.write",
                      "https://www.googleapis.com/auth/monitoring",
                      "https://www.googleapis.com/auth/service.management.readonly",
                      "https://www.googleapis.com/auth/servicecontrol",
                      "https://www.googleapis.com/auth/trace.append"
                    ],
                    "preemptible": false,
                    "reservation_affinity": [],
                    "resource_labels": {
                      "goog-gke-node-pool-provisioning-model": "on-demand"
                    },
                    "resource_manager_tags": {},
                    "secondary_boot_disks": [],
                    "service_account": "default",
                    "shielded_instance_config": [
                      {
                        "enable_integrity_monitoring": true,
                        "enable_secure_boot": false
                      }
                    ],
                    "sole_tenant_config": [],
                    "spot": false,
                    "tags": [],
                    "taint": [],
                    "workload_metadata_config": []
                  }
                ],
                "node_count": 1,
                "node_locations": [
                  "europe-north1-a",
                  "europe-north1-b",
                  "europe-north1-c"
                ],
                "placement_policy": [],
                "queued_provisioning": [],
                "upgrade_settings": [
                  {
                    "blue_green_settings": [],
                    "max_surge": 1,
                    "max_unavailable": 0,
                    "strategy": "SURGE"
                  }
                ],
                "version": "1.35.3-gke.1389000"
              }
            ],
            "node_pool_auto_config": [
              {
                "network_tags": [],
                "node_kubelet_config": [
                  {
                    "insecure_kubelet_readonly_port_enabled": "FALSE"
                  }
                ],
                "resource_manager_tags": {}
              }
            ],
            "node_pool_defaults": [
              {
                "node_config_defaults": [
                  {
                    "containerd_config": [],
                    "insecure_kubelet_readonly_port_enabled": "FALSE",
                    "logging_variant": "DEFAULT"
                  }
                ]
              }
            ],
            "node_version": "1.35.3-gke.1389000",
            "notification_config": [
              {
                "pubsub": [
                  {
                    "enabled": false,
                    "filter": [],
                    "topic": ""
                  }
                ]
              }
            ],
            "operation": null,
            "private_cluster_config": [
              {
                "enable_private_endpoint": false,
                "enable_private_nodes": false,
                "master_global_access_config": [
                  {
                    "enabled": false
                  }
                ],
                "master_ipv4_cidr_block": "",
                "peering_name": "",
                "private_endpoint": "10.166.0.2",
                "private_endpoint_subnetwork": "",
                "public_endpoint": "34.88.152.70"
              }
            ],
            "private_ipv6_google_access": "",
            "project": "project-42f67e4b-1662-4454-8e5",
            "release_channel": [
              {
                "channel": "REGULAR"
              }
            ],
            "remove_default_node_pool": true,
            "resource_labels": {},
            "resource_usage_export_config": [],
            "security_posture_config": [
              {
                "mode": "BASIC",
                "vulnerability_mode": "VULNERABILITY_MODE_UNSPECIFIED"
              }
            ],
            "self_link": "https://container.googleapis.com/v1/projects/project-42f67e4b-1662-4454-8e5/locations/europe-north1/clusters/devportal-cluster",
            "service_external_ips_config": [
              {
                "enabled": false
              }
            ],
            "services_ipv4_cidr": "34.118.224.0/20",
            "subnetwork": "projects/project-42f67e4b-1662-4454-8e5/regions/europe-north1/subnetworks/default",
            "timeouts": null,
            "tpu_ipv4_cidr_block": "",
            "vertical_pod_autoscaling": [],
            "workload_identity_config": []
          },
          "sensitive_attributes": [
            [
              {
                "type": "get_attr",
                "value": "master_auth"
              },
              {
                "type": "index",
                "value": {
                  "value": 0,
                  "type": "number"
                }
              },
              {
                "type": "get_attr",
                "value": "client_key"
              }
            ]
          ],
          "identity_schema_version": 0,
          "private": "eyJlMmJmYjczMC1lY2FhLTExZTYtOGY4OC0zNDM2M2JjN2M0YzAiOnsiY3JlYXRlIjoyNDAwMDAwMDAwMDAwLCJkZWxldGUiOjI0MDAwMDAwMDAwMDAsInJlYWQiOjI0MDAwMDAwMDAwMDAsInVwZGF0ZSI6MzYwMDAwMDAwMDAwMH0sInNjaGVtYV92ZXJzaW9uIjoiMiJ9",
          "dependencies": [
            "google_project_service.container"
          ]
        }
      ]
    },
    {
      "mode": "managed",
      "type": "google_project_service",
      "name": "container",
      "provider": "provider[\"registry.terraform.io/hashicorp/google\"]",
      "instances": [
        {
          "schema_version": 0,
          "attributes": {
            "disable_dependent_services": null,
            "disable_on_destroy": false,
            "id": "project-42f67e4b-1662-4454-8e5/container.googleapis.com",
            "project": "project-42f67e4b-1662-4454-8e5",
            "service": "container.googleapis.com",
            "timeouts": null
          },
          "sensitive_attributes": [],
          "identity_schema_version": 0,
          "private": "eyJlMmJmYjczMC1lY2FhLTExZTYtOGY4OC0zNDM2M2JjN2M0YzAiOnsiY3JlYXRlIjoxMjAwMDAwMDAwMDAwLCJkZWxldGUiOjEyMDAwMDAwMDAwMDAsInJlYWQiOjYwMDAwMDAwMDAwMCwidXBkYXRlIjoxMjAwMDAwMDAwMDAwfX0="
        }
      ]
    }
  ],
  "check_results": null
}
