{
  "version": 4,
  "terraform_version": "1.15.3",
  "serial": 25,
  "lineage": "4677d20c-0cfd-5bea-7144-e29c06489e60",
  "outputs": {
    "cluster_name": {
      "value": "devportal-cluster",
      "type": "string"
    },
    "connect_command": {
      "value": "gcloud container clusters get-credentials devportal-cluster --region europe-west1-b --project project-42f67e4b-1662-4454-8e5",
      "type": "string"
    }
  },
  "resources": [
    {
      "mode": "managed",
      "type": "google_container_cluster",
      "name": "devportal",
      "provider": "provider[\"registry.terraform.io/hashicorp/google\"]",
      "instances": [
        {
          "schema_version": 2,
          "attributes": {
            "addons_config": [
              {
                "cloudrun_config": [],
                "config_connector_config": [],
                "dns_cache_config": [
                  {
                    "enabled": true
                  }
                ],
                "gce_persistent_disk_csi_driver_config": [
                  {
                    "enabled": true
                  }
                ],
                "gcp_filestore_csi_driver_config": [],
                "gcs_fuse_csi_driver_config": [],
                "gke_backup_agent_config": [],
                "horizontal_pod_autoscaling": [],
                "http_load_balancing": [],
                "network_policy_config": [
                  {
                    "disabled": true
                  }
                ],
                "ray_operator_config": [],
                "stateful_ha_config": []
              }
            ],
            "allow_net_admin": null,
            "authenticator_groups_config": [],
            "binary_authorization": [
              {
                "enabled": false,
                "evaluation_mode": ""
              }
            ],
            "cluster_autoscaling": [
              {
                "auto_provisioning_defaults": [],
                "auto_provisioning_locations": [],
                "autoscaling_profile": "BALANCED",
                "enabled": false,
                "resource_limits": []
              }
            ],
            "cluster_ipv4_cidr": "10.104.0.0/14",
            "confidential_nodes": [],
            "cost_management_config": [],
            "database_encryption": [
              {
                "key_name": "",
                "state": "DECRYPTED"
              }
            ],
            "datapath_provider": "",
            "default_max_pods_per_node": 110,
            "default_snat_status": [
              {
                "disabled": false
              }
            ],
            "deletion_protection": false,
            "description": "",
            "dns_config": [],
            "enable_autopilot": false,
            "enable_cilium_clusterwide_network_policy": false,
            "enable_intranode_visibility": false,
            "enable_k8s_beta_apis": [],
            "enable_kubernetes_alpha": false,
            "enable_l4_ilb_subsetting": false,
            "enable_legacy_abac": false,
            "enable_multi_networking": false,
            "enable_shielded_nodes": true,
            "enable_tpu": false,
            "endpoint": "34.79.224.54",
            "fleet": [],
            "gateway_api_config": [],
            "id": "projects/project-42f67e4b-1662-4454-8e5/locations/europe-west1-b/clusters/devportal-cluster",
            "identity_service_config": [],
            "initial_node_count": 1,
            "ip_allocation_policy": [
              {
                "additional_pod_ranges_config": [],
                "cluster_ipv4_cidr_block": "10.104.0.0/14",
                "cluster_secondary_range_name": "gke-devportal-cluster-pods-208b6650",
                "pod_cidr_overprovision_config": [
                  {
                    "disabled": false
                  }
                ],
                "services_ipv4_cidr_block": "34.118.224.0/20",
                "services_secondary_range_name": "",
                "stack_type": "IPV4"
              }
            ],
            "label_fingerprint": "a9dc16a7",
            "location": "europe-west1-b",
            "logging_config": [
              {
                "enable_components": [
                  "SYSTEM_COMPONENTS",
                  "WORKLOADS"
                ]
              }
            ],
            "logging_service": "logging.googleapis.com/kubernetes",
            "maintenance_policy": [],
            "master_auth": [
              {
                "client_certificate": "",
                "client_certificate_config": [
                  {
                    "issue_client_certificate": false
                  }
                ],
                "client_key": "",
                "cluster_ca_certificate": "LS0tLS1CRUdJTiBDRVJUSUZJQ0FURS0tLS0tCk1JSUVMRENDQXBTZ0F3SUJBZ0lRWXhVclFOc1hHbDdxTXhyOGFyZEhEVEFOQmdrcWhraUc5dzBCQVFzRkFEQXYKTVMwd0t3WURWUVFERXlRM01EVmhZMkpsTmkxak16TTVMVFJpWWpndE9EZGhNaTA1TURJNU9UbGpZVGRoTkRZdwpJQmNOTWpZd05USXpNVFF6TXpNMFdoZ1BNakExTmpBMU1UVXhOVE16TXpSYU1DOHhMVEFyQmdOVkJBTVRKRGN3Ck5XRmpZbVUyTFdNek16a3ROR0ppT0MwNE4yRXlMVGt3TWprNU9XTmhOMkUwTmpDQ0FhSXdEUVlKS29aSWh2Y04KQVFFQkJRQURnZ0dQQURDQ0FZb0NnZ0dCQUtoOTFmMk1VV3BQSy9pcFc2WTNMQzBLMm11a1orVUVlc3RGSitJMgplelR0KzNHai9rejRFWDg5SG1MZlJHSDRPT1o5azM4SnkvQWQwL1BMbHczN3JWMndFNnFnbGF0ZFJWaXIxQzgxCjBYSERTdzVZU2tycmd1U3I1RzE3WkxpT0hIOHdJT2JlSXE0di9ZZlNOUmdhUW1Va1dtS0VkMnR5MzNrdjdTYkIKSjN5L1lEQlV1cmRYUWkzbXZvaFFvK3B3NWwwT1N5KzRMVWRGNDhxT1ByelNTTWRGNTNMVXhwUzBxaVBIM0FtOApSazNhc05IMDBoNnNmYTByUmpkSDZlT2FtZnFRbEMwc0lKRVdPUENOWkMrTzJiWXcrYkFTUzc1U29yVDE5dHZXClRrNnMzNDVLcm5yZncvdHg3b2M5QXBpVFp5VkloSzdSbklTUWNCbHpxWW5VcXZWWVVBNVUrZmtMWDFCckQ4djkKZDN0Y2N6SS9GaFpJQll2N25yaTVHM0dUQm0xbmtOd0I3a2JTSFRpUFBya1BNVEFtNUMrcTk5cFMzdDdYTVZodwpkbGpPR2ZjRXlwanhyTi9mUzN5K3hJeWtjVHBhK0VRajdxLy9DYnJBL0gyeDVxUVRUZkpKay81RVB5dFdoaUZBClppdDRjZWk0cFFaOUw4ZWZXNFZwaGhVVDl3SURBUUFCbzBJd1FEQU9CZ05WSFE4QkFmOEVCQU1DQWdRd0R3WUQKVlIwVEFRSC9CQVV3QXdFQi96QWRCZ05WSFE0RUZnUVVnb0lUUWV4Rzk5MXVpMERDcWdnNG5YVUQ4bWN3RFFZSgpLb1pJaHZjTkFRRUxCUUFEZ2dHQkFGR082QmFGYmxhUFRReXlSZHVWQlRBWjlaYzkrRkU4ZEVJR3R2QzNCQXBpCnBrWkZYSzI4dDAzVys4WE1ROVdyeGU2WkZVbU5mNUVtajhyaENFMUhJak44Ry9pNThNN25VOFI5aUlna1c5T3YKM3I5TXUweHRuM2hLU3V0bWVzdDhta09Cb2dGMWwydG5HNXlNY21hZVN5dVdlazloaEkwVXVZTjBkVG8yK09ZRworSk5iWDNYSXpVbDhpZHkxOU5Yc0RPRSt6QkVGQW1VcFBjNlZYVkp6amhpejRqY0ljUjNyckIvYVhQRUZ4ZkRWCmlLVHJyaUJXTXJwQkQwZ3hPOWpJdERLa0NzOVRwY21aMGN1Zk9OMEEyZlJVaGdCZEE1YWRkS0FxVjRiTnp4VEUKTmN1YStYUEp5S0VyeXRVcW1kdU1uckx2c1ZWeDkvNm9TT0UvV0cxUGJqTVFKQXAveVlQSU50UFEweVpWZG1LUQpKaW1OMkp0V1ZzckM0QjBOc25oZlB1eFBQRHBseHdjZzUvWEY5TFpXN2p4TGdTTEJ3ejAyZmJRaXQxWUZtM2ptClYwWGErbmVNWDBlYTJ1V1YvRXNseDV0Rk5NazUrK2FqT1FTbXJGZG8rc2V2eVNrZC9VUlBuQzhDbnlHTjI4NW8Kd1ozTTQ2NTJLaHFFTk1pNFJsd3V4QT09Ci0tLS0tRU5EIENFUlRJRklDQVRFLS0tLS0K"
              }
            ],
            "master_authorized_networks_config": [],
            "master_version": "1.35.3-gke.1389000",
            "mesh_certificates": [],
            "min_master_version": null,
            "monitoring_config": [
              {
                "advanced_datapath_observability_config": [
                  {
                    "enable_metrics": false,
                    "enable_relay": false,
                    "relay_mode": "DISABLED"
                  }
                ],
                "enable_components": [
                  "SYSTEM_COMPONENTS",
                  "STORAGE",
                  "HPA",
                  "POD",
                  "DAEMONSET",
                  "DEPLOYMENT",
                  "STATEFULSET",
                  "CADVISOR",
                  "KUBELET",
                  "DCGM",
                  "JOBSET"
                ],
                "managed_prometheus": [
                  {
                    "enabled": true
                  }
                ]
              }
            ],
            "monitoring_service": "monitoring.googleapis.com/kubernetes",
            "name": "devportal-cluster",
            "network": "projects/project-42f67e4b-1662-4454-8e5/global/networks/default",
            "network_policy": [
              {
                "enabled": false,
                "provider": "PROVIDER_UNSPECIFIED"
              }
            ],
            "networking_mode": "VPC_NATIVE",
            "node_config": [],
            "node_locations": [],
            "node_pool": [],
            "node_pool_auto_config": [
              {
                "network_tags": [],
                "node_kubelet_config": [
                  {
                    "insecure_kubelet_readonly_port_enabled": "FALSE"
                  }
                ],
                "resource_manager_tags": {}
              }
            ],
            "node_pool_defaults": [
              {
                "node_config_defaults": [
                  {
                    "containerd_config": [],
                    "insecure_kubelet_readonly_port_enabled": "FALSE",
                    "logging_variant": "DEFAULT"
                  }
                ]
              }
            ],
            "node_version": "1.35.3-gke.1389000",
            "notification_config": [
              {
                "pubsub": [
                  {
                    "enabled": false,
                    "filter": [],
                    "topic": ""
                  }
                ]
              }
            ],
            "operation": null,
            "private_cluster_config": [
              {
                "enable_private_endpoint": false,
                "enable_private_nodes": false,
                "master_global_access_config": [
                  {
                    "enabled": false
                  }
                ],
                "master_ipv4_cidr_block": "",
                "peering_name": "",
                "private_endpoint": "10.132.0.32",
                "private_endpoint_subnetwork": "",
                "public_endpoint": "34.79.224.54"
              }
            ],
            "private_ipv6_google_access": "",
            "project": "project-42f67e4b-1662-4454-8e5",
            "release_channel": [
              {
                "channel": "REGULAR"
              }
            ],
            "remove_default_node_pool": true,
            "resource_labels": null,
            "resource_usage_export_config": [],
            "security_posture_config": [
              {
                "mode": "BASIC",
                "vulnerability_mode": "VULNERABILITY_MODE_UNSPECIFIED"
              }
            ],
            "self_link": "https://container.googleapis.com/v1/projects/project-42f67e4b-1662-4454-8e5/zones/europe-west1-b/clusters/devportal-cluster",
            "service_external_ips_config": [
              {
                "enabled": false
              }
            ],
            "services_ipv4_cidr": "34.118.224.0/20",
            "subnetwork": "projects/project-42f67e4b-1662-4454-8e5/regions/europe-west1/subnetworks/default",
            "timeouts": null,
            "tpu_ipv4_cidr_block": "",
            "vertical_pod_autoscaling": [],
            "workload_identity_config": []
          },
          "sensitive_attributes": [
            [
              {
                "type": "get_attr",
                "value": "master_auth"
              },
              {
                "type": "index",
                "value": {
                  "value": 0,
                  "type": "number"
                }
              },
              {
                "type": "get_attr",
                "value": "client_key"
              }
            ]
          ],
          "identity_schema_version": 0,
          "private": "eyJlMmJmYjczMC1lY2FhLTExZTYtOGY4OC0zNDM2M2JjN2M0YzAiOnsiY3JlYXRlIjoyNDAwMDAwMDAwMDAwLCJkZWxldGUiOjI0MDAwMDAwMDAwMDAsInJlYWQiOjI0MDAwMDAwMDAwMDAsInVwZGF0ZSI6MzYwMDAwMDAwMDAwMH0sInNjaGVtYV92ZXJzaW9uIjoiMiJ9",
          "dependencies": [
            "google_project_service.container"
          ]
        }
      ]
    },
    {
      "mode": "managed",
      "type": "google_container_node_pool",
      "name": "devportal_nodes",
      "provider": "provider[\"registry.terraform.io/hashicorp/google\"]",
      "instances": [
        {
          "schema_version": 1,
          "attributes": {
            "autoscaling": [],
            "cluster": "devportal-cluster",
            "id": "projects/project-42f67e4b-1662-4454-8e5/locations/europe-west1-b/clusters/devportal-cluster/nodePools/devportal-node-pool",
            "initial_node_count": 1,
            "instance_group_urls": [
              "https://www.googleapis.com/compute/v1/projects/project-42f67e4b-1662-4454-8e5/zones/europe-west1-b/instanceGroupManagers/gke-devportal-cluste-devportal-node-p-12b30744-grp"
            ],
            "location": "europe-west1-b",
            "managed_instance_group_urls": [
              "https://www.googleapis.com/compute/v1/projects/project-42f67e4b-1662-4454-8e5/zones/europe-west1-b/instanceGroups/gke-devportal-cluste-devportal-node-p-12b30744-grp"
            ],
            "management": [
              {
                "auto_repair": true,
                "auto_upgrade": true
              }
            ],
            "max_pods_per_node": 110,
            "name": "devportal-node-pool",
            "name_prefix": "",
            "network_config": [
              {
                "additional_node_network_configs": [],
                "additional_pod_network_configs": [],
                "create_pod_range": false,
                "enable_private_nodes": false,
                "network_performance_config": [],
                "pod_cidr_overprovision_config": [],
                "pod_ipv4_cidr_block": "10.104.0.0/14",
                "pod_range": "gke-devportal-cluster-pods-208b6650"
              }
            ],
            "node_config": [
              {
                "advanced_machine_features": [],
                "boot_disk_kms_key": "",
                "confidential_nodes": [],
                "containerd_config": [],
                "disk_size_gb": 50,
                "disk_type": "pd-standard",
                "effective_taints": [],
                "enable_confidential_storage": false,
                "ephemeral_storage_local_ssd_config": [],
                "fast_socket": [],
                "gcfs_config": [],
                "guest_accelerator": [],
                "gvnic": [],
                "host_maintenance_policy": [],
                "image_type": "COS_CONTAINERD",
                "kubelet_config": [
                  {
                    "cpu_cfs_quota": false,
                    "cpu_cfs_quota_period": "",
                    "cpu_manager_policy": "",
                    "insecure_kubelet_readonly_port_enabled": "FALSE",
                    "pod_pids_limit": 0
                  }
                ],
                "labels": {
                  "environment": "demo",
                  "project": "devportal"
                },
                "linux_node_config": [],
                "local_nvme_ssd_block_config": [],
                "local_ssd_count": 0,
                "logging_variant": "DEFAULT",
                "machine_type": "e2-medium",
                "metadata": {
                  "disable-legacy-endpoints": "true"
                },
                "min_cpu_platform": "",
                "node_group": "",
                "oauth_scopes": [
                  "https://www.googleapis.com/auth/cloud-platform"
                ],
                "preemptible": false,
                "reservation_affinity": [],
                "resource_labels": {
                  "goog-gke-node-pool-provisioning-model": "on-demand"
                },
                "resource_manager_tags": null,
                "secondary_boot_disks": [],
                "service_account": "default",
                "shielded_instance_config": [
                  {
                    "enable_integrity_monitoring": true,
                    "enable_secure_boot": false
                  }
                ],
                "sole_tenant_config": [],
                "spot": false,
                "tags": null,
                "taint": [],
                "workload_metadata_config": []
              }
            ],
            "node_count": 1,
            "node_locations": [
              "europe-west1-b"
            ],
            "operation": null,
            "placement_policy": [],
            "project": "project-42f67e4b-1662-4454-8e5",
            "queued_provisioning": [],
            "timeouts": null,
            "upgrade_settings": [
              {
                "blue_green_settings": [],
                "max_surge": 1,
                "max_unavailable": 0,
                "strategy": "SURGE"
              }
            ],
            "version": "1.35.3-gke.1389000"
          },
          "sensitive_attributes": [],
          "identity_schema_version": 0,
          "private": "eyJlMmJmYjczMC1lY2FhLTExZTYtOGY4OC0zNDM2M2JjN2M0YzAiOnsiY3JlYXRlIjoxODAwMDAwMDAwMDAwLCJkZWxldGUiOjE4MDAwMDAwMDAwMDAsInVwZGF0ZSI6MTgwMDAwMDAwMDAwMH0sInNjaGVtYV92ZXJzaW9uIjoiMSJ9",
          "dependencies": [
            "google_container_cluster.devportal",
            "google_project_service.container"
          ]
        }
      ]
    },
    {
      "mode": "managed",
      "type": "google_project_service",
      "name": "container",
      "provider": "provider[\"registry.terraform.io/hashicorp/google\"]",
      "instances": [
        {
          "schema_version": 0,
          "attributes": {
            "disable_dependent_services": null,
            "disable_on_destroy": false,
            "id": "project-42f67e4b-1662-4454-8e5/container.googleapis.com",
            "project": "project-42f67e4b-1662-4454-8e5",
            "service": "container.googleapis.com",
            "timeouts": null
          },
          "sensitive_attributes": [],
          "identity_schema_version": 0,
          "private": "eyJlMmJmYjczMC1lY2FhLTExZTYtOGY4OC0zNDM2M2JjN2M0YzAiOnsiY3JlYXRlIjoxMjAwMDAwMDAwMDAwLCJkZWxldGUiOjEyMDAwMDAwMDAwMDAsInJlYWQiOjYwMDAwMDAwMDAwMCwidXBkYXRlIjoxMjAwMDAwMDAwMDAwfX0="
        }
      ]
    }
  ],
  "check_results": null
}
